
Microsoft Visual Studio Solution File, Format Version 12.00
# Visual Studio 15
VisualStudioVersion = 15.0.28307.329
MinimumVisualStudioVersion = 10.0.40219.1
Project("{FAE04EC0-301F-11D3-BF4B-00C04F79EFBC}") = "Employee", "Employee.csproj", "{D6686172-C310-47A4-A942-439EC7E77284}"
EndProject
Project("{FAE04EC0-301F-11D3-BF4B-00C04F79EFBC}") = "Employees.UnitTests", "..\Employees.UnitTests\Employees.UnitTests.csproj", "{5E062A13-F90A-416A-879B-6A2F0D3E62E8}"
EndProject
Global
	GlobalSection(SolutionConfigurationPlatforms) = preSolution
		Debug|Any CPU = Debug|Any CPU
		Release|Any CPU = Release|Any CPU
	EndGlobalSection
	GlobalSection(ProjectConfigurationPlatforms) = postSolution
		{D6686172-C310-47A4-A942-439EC7E77284}.Debug|Any CPU.ActiveCfg = Debug|Any CPU
		{D6686172-C310-47A4-A942-439EC7E77284}.Debug|Any CPU.Build.0 = Debug|Any CPU
		{D6686172-C310-47A4-A942-439EC7E77284}.Release|Any CPU.ActiveCfg = Release|Any CPU
		{D6686172-C310-47A4-A942-439EC7E77284}.Release|Any CPU.Build.0 = Release|Any CPU
		{5E062A13-F90A-416A-879B-6A2F0D3E62E8}.Debug|Any CPU.ActiveCfg = Debug|Any CPU
		{5E062A13-F90A-416A-879B-6A2F0D3E62E8}.Debug|Any CPU.Build.0 = Debug|Any CPU
		{5E062A13-F90A-416A-879B-6A2F0D3E62E8}.Release|Any CPU.ActiveCfg = Release|Any CPU
		{5E062A13-F90A-416A-879B-6A2F0D3E62E8}.Release|Any CPU.Build.0 = Release|Any CPU
	EndGlobalSection
	GlobalSection(SolutionProperties) = preSolution
		HideSolutionNode = FALSE
	EndGlobalSection
	GlobalSection(ExtensibilityGlobals) = postSolution
		SolutionGuid = {1E174646-0E16-4C33-B6B4-9F8C4700C183}
	EndGlobalSection
EndGlobal
